[[package]]
name = "alive-progress"
version = "1.6.1"
description = "A new kind of Progress Bar, with real-time throughput, eta and very cool animations!"
category = "main"
optional = false
python-versions = ">=2.7, <4"

[[package]]
name = "click"
version = "7.1.2"
description = "Composable command line interface toolkit"
category = "main"
optional = false
python-versions = ">=2.7, !=3.0.*, !=3.1.*, !=3.2.*, !=3.3.*, !=3.4.*"

[[package]]
name = "colorama"
version = "0.4.4"
description = "Cross-platform colored terminal text."
category = "main"
optional = false
python-versions = ">=2.7, !=3.0.*, !=3.1.*, !=3.2.*, !=3.3.*, !=3.4.*"

[[package]]
name = "logzero"
version = "1.6.2"
description = "Robust and effective logging for Python 2 and 3"
category = "main"
optional = false
python-versions = "*"

[package.dependencies]
colorama = {version = "*", markers = "sys_platform == \"win32\""}

[metadata]
lock-version = "1.1"
python-versions = "^3.9"
content-hash = "9a5d72a322dfcf3ea09793a50ddc194a9874783931124702b4ce53a7241c55b4"

[metadata.files]
alive-progress = [
    {file = "alive-progress-1.6.1.tar.gz", hash = "sha256:2a0d7516ec0f596d5ce53755c0913a909eb1c91854e1d782e511ef5e1dd53218"},
    {file = "alive_progress-1.6.1-py3-none-any.whl", hash = "sha256:9a0fae6b94fb4e4bcd9fb51760506d29a33358ebbfef2c6516dce3e359a661b5"},
]
click = [
    {file = "click-7.1.2-py2.py3-none-any.whl", hash = "sha256:dacca89f4bfadd5de3d7489b7c8a566eee0d3676333fbb50030263894c38c0dc"},
    {file = "click-7.1.2.tar.gz", hash = "sha256:d2b5255c7c6349bc1bd1e59e08cd12acbbd63ce649f2588755783aa94dfb6b1a"},
]
colorama = [
    {file = "colorama-0.4.4-py2.py3-none-any.whl", hash = "sha256:9f47eda37229f68eee03b24b9748937c7dc3868f906e8ba69fbcbdd3bc5dc3e2"},
    {file = "colorama-0.4.4.tar.gz", hash = "sha256:5941b2b48a20143d2267e95b1c2a7603ce057ee39fd88e7329b0c292aa16869b"},
]
logzero = [
    {file = "logzero-1.6.2-py2.py3-none-any.whl", hash = "sha256:98621ae85280633a7f6ccc4f81278e9596c9b38666d76b1637dfb5d64894e4ed"},
    {file = "logzero-1.6.2.tar.gz", hash = "sha256:7d1234dbdef8126b6ace4d15cf8a60418506355b2ad967e117d907026cf4f2b5"},
]
